PODS:
  - MetalPerformanceShadersProxy (0.1.1):
    - MetalPerformanceShadersProxy/Stub (= 0.1.1)
  - MetalPerformanceShadersProxy/Stub (0.1.1)

DEPENDENCIES:
  - MetalPerformanceShadersProxy (~> 0.1)

SPEC CHECKSUMS:
  MetalPerformanceShadersProxy: 8e29ec94f6f990d543e030098e0a1017fa1e037a

PODFILE CHECKSUM: aa345ac3c556499731d71f449a33c14a9849180d

COCOAPODS: 1.2.1
