// !$*UTF8*$!
{
	archiveVersion = 1;
	classes = {
	};
	objectVersion = 46;
	objects = {

/* Begin PBXBuildFile section */
		287D0A721C4B7877004566D6 /* ExampleUITests.swift in Sources */ = {isa = PBXBuildFile; fileRef = 287D0A711C4B7877004566D6 /* ExampleUITests.swift */; };
		28F828D01C4B714D00330CF4 /* AppDelegate.swift in Sources */ = {isa = PBXBuildFile; fileRef = 28F828CF1C4B714D00330CF4 /* AppDelegate.swift */; };
		28F828D21C4B714D00330CF4 /* StyleTransferViewController.swift in Sources */ = {isa = PBXBuildFile; fileRef = 28F828D11C4B714D00330CF4 /* StyleTransferViewController.swift */; };
		28F828D51C4B714D00330CF4 /* Main.storyboard in Resources */ = {isa = PBXBuildFile; fileRef = 28F828D31C4B714D00330CF4 /* Main.storyboard */; };
		28F828D71C4B714D00330CF4 /* Assets.xcassets in Resources */ = {isa = PBXBuildFile; fileRef = 28F828D61C4B714D00330CF4 /* Assets.xcassets */; };
		28F828DA1C4B714D00330CF4 /* LaunchScreen.storyboard in Resources */ = {isa = PBXBuildFile; fileRef = 28F828D81C4B714D00330CF4 /* LaunchScreen.storyboard */; };
		46FAFCBD1F02CB89008754E1 /* ConcatTest.swift in Sources */ = {isa = PBXBuildFile; fileRef = 46FAFCBC1F02CB89008754E1 /* ConcatTest.swift */; };
		46FAFCC11F04142C008754E1 /* ConstantLayer.swift in Sources */ = {isa = PBXBuildFile; fileRef = 46FAFCC01F04142C008754E1 /* ConstantLayer.swift */; };
		8F28C68D1ED724BE0062039F /* g_and_w.pb in Resources */ = {isa = PBXBuildFile; fileRef = 8F28C68C1ED724BE0062039F /* g_and_w.pb */; };
		8F4466D01ECF756B00915819 /* UIImage.swift in Sources */ = {isa = PBXBuildFile; fileRef = 8F4466CF1ECF756B00915819 /* UIImage.swift */; };
		8F46BCAD1EE0B52D00DF275A /* mnist-conv1_b in Resources */ = {isa = PBXBuildFile; fileRef = 8F46BCA51EE0B52D00DF275A /* mnist-conv1_b */; };
		8F46BCAE1EE0B52D00DF275A /* mnist-conv1_w in Resources */ = {isa = PBXBuildFile; fileRef = 8F46BCA61EE0B52D00DF275A /* mnist-conv1_w */; };
		8F46BCAF1EE0B52D00DF275A /* mnist-conv2_b in Resources */ = {isa = PBXBuildFile; fileRef = 8F46BCA71EE0B52D00DF275A /* mnist-conv2_b */; };
		8F46BCB01EE0B52D00DF275A /* mnist-conv2_w in Resources */ = {isa = PBXBuildFile; fileRef = 8F46BCA81EE0B52D00DF275A /* mnist-conv2_w */; };
		8F46BCB11EE0B52D00DF275A /* mnist-fc1_b in Resources */ = {isa = PBXBuildFile; fileRef = 8F46BCA91EE0B52D00DF275A /* mnist-fc1_b */; };
		8F46BCB21EE0B52D00DF275A /* mnist-fc1_w in Resources */ = {isa = PBXBuildFile; fileRef = 8F46BCAA1EE0B52D00DF275A /* mnist-fc1_w */; };
		8F46BCB31EE0B52D00DF275A /* mnist-fc2_b in Resources */ = {isa = PBXBuildFile; fileRef = 8F46BCAB1EE0B52D00DF275A /* mnist-fc2_b */; };
		8F46BCB41EE0B52D00DF275A /* mnist-fc2_w in Resources */ = {isa = PBXBuildFile; fileRef = 8F46BCAC1EE0B52D00DF275A /* mnist-fc2_w */; };
		8F79B80F1EC25ECA002D02C8 /* Luminance.swift in Sources */ = {isa = PBXBuildFile; fileRef = 8F79B80E1EC25ECA002D02C8 /* Luminance.swift */; };
		8F79B8111EC261D6002D02C8 /* Shaders.metal in Sources */ = {isa = PBXBuildFile; fileRef = 8F79B8101EC261D6002D02C8 /* Shaders.metal */; };
		8F9F358E1EDCC5FE005F4DAE /* InstanceNormTests.swift in Sources */ = {isa = PBXBuildFile; fileRef = 8F9F358D1EDCC5FE005F4DAE /* InstanceNormTests.swift */; };
		8FA6BAB91ED5AB2D004450C0 /* RandomLoader.swift in Sources */ = {isa = PBXBuildFile; fileRef = 8FA6BAB81ED5AB2D004450C0 /* RandomLoader.swift */; };
		8FA8E3251EC0BE7300E8BAD8 /* Bender.framework in Frameworks */ = {isa = PBXBuildFile; fileRef = 8F9CAB221D89C756006E1824 /* Bender.framework */; };
		8FA8E3261EC0BE7300E8BAD8 /* Bender.framework in Embed Frameworks */ = {isa = PBXBuildFile; fileRef = 8F9CAB221D89C756006E1824 /* Bender.framework */; settings = {ATTRIBUTES = (CodeSignOnCopy, RemoveHeadersOnCopy, ); }; };
		8FAD35061ED48825004B69DA /* tftest.pbtxt in Resources */ = {isa = PBXBuildFile; fileRef = 8FAD35051ED48825004B69DA /* tftest.pbtxt */; };
		8FCD3E991ED8A88200B1AAE6 /* ViewController.swift in Sources */ = {isa = PBXBuildFile; fileRef = 8FCD3E981ED8A88200B1AAE6 /* ViewController.swift */; };
		8FCD3E9F1ED8B5DF00B1AAE6 /* g_and_w2.pb in Resources */ = {isa = PBXBuildFile; fileRef = 8FCD3E9E1ED8B5DF00B1AAE6 /* g_and_w2.pb */; };
		8FCD3EA31ED8B67E00B1AAE6 /* rainSquare.png in Resources */ = {isa = PBXBuildFile; fileRef = 8FCD3EA01ED8B67E00B1AAE6 /* rainSquare.png */; };
		8FCD3EA41ED8B67E00B1AAE6 /* wall-e-384.png in Resources */ = {isa = PBXBuildFile; fileRef = 8FCD3EA11ED8B67E00B1AAE6 /* wall-e-384.png */; };
		8FCD3EA51ED8B67E00B1AAE6 /* wall-e.png in Resources */ = {isa = PBXBuildFile; fileRef = 8FCD3EA21ED8B67E00B1AAE6 /* wall-e.png */; };
		8FCD3EA71ED8BE1F00B1AAE6 /* SwiftProtobuf.framework in Frameworks */ = {isa = PBXBuildFile; fileRef = 8FCD3EA61ED8BE1F00B1AAE6 /* SwiftProtobuf.framework */; };
		8FCD3EA81ED8BE1F00B1AAE6 /* SwiftProtobuf.framework in Embed Frameworks */ = {isa = PBXBuildFile; fileRef = 8FCD3EA61ED8BE1F00B1AAE6 /* SwiftProtobuf.framework */; settings = {ATTRIBUTES = (CodeSignOnCopy, RemoveHeadersOnCopy, ); }; };
		8FE2D0851EDDD3570080125D /* MNISTTestController.swift in Sources */ = {isa = PBXBuildFile; fileRef = 8FE2D0841EDDD3570080125D /* MNISTTestController.swift */; };
		8FE2D0871EDDD5D30080125D /* mnist.pb in Resources */ = {isa = PBXBuildFile; fileRef = 8FE2D0861EDDD5D30080125D /* mnist.pb */; };
		8FE2D0891EDDEABC0080125D /* GrayScale.swift in Sources */ = {isa = PBXBuildFile; fileRef = 8FE2D0881EDDEABC0080125D /* GrayScale.swift */; };
		8FFF4AD91EDF056D00141E9D /* UIViewController.swift in Sources */ = {isa = PBXBuildFile; fileRef = 8FFF4AD81EDF056D00141E9D /* UIViewController.swift */; };
		8FFF4ADB1EDF3B9100141E9D /* mnist_full.pb in Resources */ = {isa = PBXBuildFile; fileRef = 8FFF4ADA1EDF3B9100141E9D /* mnist_full.pb */; };
		CFAD25371ED7E9F30003C4FA /* Texture.swift in Sources */ = {isa = PBXBuildFile; fileRef = CFAD25361ED7E9F30003C4FA /* Texture.swift */; };
		CFAD253B1ED7EA090003C4FA /* LocalResponseNormTest.swift in Sources */ = {isa = PBXBuildFile; fileRef = CFAD25381ED7EA090003C4FA /* LocalResponseNormTest.swift */; };
		CFAD253C1ED7EA090003C4FA /* BenderTestRunner.swift in Sources */ = {isa = PBXBuildFile; fileRef = CFAD25391ED7EA090003C4FA /* BenderTestRunner.swift */; };
		CFAD253D1ED7EA090003C4FA /* TextureConversionTest.swift in Sources */ = {isa = PBXBuildFile; fileRef = CFAD253A1ED7EA090003C4FA /* TextureConversionTest.swift */; };
		CFAD253F1ED7EA930003C4FA /* TestData.swift in Sources */ = {isa = PBXBuildFile; fileRef = CFAD253E1ED7EA930003C4FA /* TestData.swift */; };
		CFAD25411ED7EB5A0003C4FA /* CompletionSerializer.swift in Sources */ = {isa = PBXBuildFile; fileRef = CFAD25401ED7EB5A0003C4FA /* CompletionSerializer.swift */; };
		D0838A3925C77FAA0280A1D4 /* Pods_Example.framework in Frameworks */ = {isa = PBXBuildFile; fileRef = DC52F68BC56AC40E8DF9A1DE /* Pods_Example.framework */; };
/* End PBXBuildFile section */

/* Begin PBXContainerItemProxy section */
		28F828E11C4B714D00330CF4 /* PBXContainerItemProxy */ = {
			isa = PBXContainerItemProxy;
			containerPortal = 28F828C41C4B714D00330CF4 /* Project object */;
			proxyType = 1;
			remoteGlobalIDString = 28F828CB1C4B714D00330CF4;
			remoteInfo = Example;
		};
		8F9CAB211D89C756006E1824 /* PBXContainerItemProxy */ = {
			isa = PBXContainerItemProxy;
			containerPortal = 287D0A741C4B7B26004566D6 /* Bender.xcodeproj */;
			proxyType = 2;
			remoteGlobalIDString = 28F8287D1C494B2C00330CF4;
			remoteInfo = Bender;
		};
		8FA8E3271EC0BE7300E8BAD8 /* PBXContainerItemProxy */ = {
			isa = PBXContainerItemProxy;
			containerPortal = 287D0A741C4B7B26004566D6 /* Bender.xcodeproj */;
			proxyType = 1;
			remoteGlobalIDString = 28F8287C1C494B2C00330CF4;
			remoteInfo = Bender;
		};
/* End PBXContainerItemProxy section */

/* Begin PBXCopyFilesBuildPhase section */
		287D0A811C4B7B55004566D6 /* Embed Frameworks */ = {
			isa = PBXCopyFilesBuildPhase;
			buildActionMask = 2147483647;
			dstPath = "";
			dstSubfolderSpec = 10;
			files = (
				8FA8E3261EC0BE7300E8BAD8 /* Bender.framework in Embed Frameworks */,
				8FCD3EA81ED8BE1F00B1AAE6 /* SwiftProtobuf.framework in Embed Frameworks */,
			);
			name = "Embed Frameworks";
			runOnlyForDeploymentPostprocessing = 0;
		};
/* End PBXCopyFilesBuildPhase section */

/* Begin PBXFileReference section */
		287D0A711C4B7877004566D6 /* ExampleUITests.swift */ = {isa = PBXFileReference; fileEncoding = 4; lastKnownFileType = sourcecode.swift; path = ExampleUITests.swift; sourceTree = "<group>"; };
		287D0A741C4B7B26004566D6 /* Bender.xcodeproj */ = {isa = PBXFileReference; lastKnownFileType = "wrapper.pb-project"; name = Bender.xcodeproj; path = ../Bender.xcodeproj; sourceTree = "<group>"; };
		28F828CC1C4B714D00330CF4 /* Example.app */ = {isa = PBXFileReference; explicitFileType = wrapper.application; includeInIndex = 0; path = Example.app; sourceTree = BUILT_PRODUCTS_DIR; };
		28F828CF1C4B714D00330CF4 /* AppDelegate.swift */ = {isa = PBXFileReference; lastKnownFileType = sourcecode.swift; name = AppDelegate.swift; path = Example/AppDelegate.swift; sourceTree = "<group>"; };
		28F828D11C4B714D00330CF4 /* StyleTransferViewController.swift */ = {isa = PBXFileReference; lastKnownFileType = sourcecode.swift; name = StyleTransferViewController.swift; path = Example/StyleTransferViewController.swift; sourceTree = "<group>"; };
		28F828D41C4B714D00330CF4 /* Base */ = {isa = PBXFileReference; lastKnownFileType = file.storyboard; name = Base; path = Base.lproj/Main.storyboard; sourceTree = "<group>"; };
		28F828D61C4B714D00330CF4 /* Assets.xcassets */ = {isa = PBXFileReference; lastKnownFileType = folder.assetcatalog; name = Assets.xcassets; path = Example/Assets.xcassets; sourceTree = "<group>"; };
		28F828D91C4B714D00330CF4 /* Base */ = {isa = PBXFileReference; lastKnownFileType = file.storyboard; name = Base; path = Base.lproj/LaunchScreen.storyboard; sourceTree = "<group>"; };
		28F828DB1C4B714D00330CF4 /* Info.plist */ = {isa = PBXFileReference; lastKnownFileType = text.plist.xml; name = Info.plist; path = Example/Info.plist; sourceTree = "<group>"; };
		28F828E01C4B714D00330CF4 /* ExampleUITests.xctest */ = {isa = PBXFileReference; explicitFileType = wrapper.cfbundle; includeInIndex = 0; path = ExampleUITests.xctest; sourceTree = BUILT_PRODUCTS_DIR; };
		28F828E61C4B714D00330CF4 /* Info.plist */ = {isa = PBXFileReference; lastKnownFileType = text.plist.xml; path = Info.plist; sourceTree = "<group>"; };
		40177F878E6E64267FE1407D /* Pods-Example.release.xcconfig */ = {isa = PBXFileReference; includeInIndex = 1; lastKnownFileType = text.xcconfig; name = "Pods-Example.release.xcconfig"; path = "../Pods/Target Support Files/Pods-Example/Pods-Example.release.xcconfig"; sourceTree = "<group>"; };
		46FAFCBC1F02CB89008754E1 /* ConcatTest.swift */ = {isa = PBXFileReference; fileEncoding = 4; lastKnownFileType = sourcecode.swift; name = ConcatTest.swift; path = Example/Tests/ConcatTest.swift; sourceTree = "<group>"; };
		46FAFCC01F04142C008754E1 /* ConstantLayer.swift */ = {isa = PBXFileReference; fileEncoding = 4; lastKnownFileType = sourcecode.swift; name = ConstantLayer.swift; path = Example/Tests/Helpers/ConstantLayer.swift; sourceTree = "<group>"; };
		8F28C68C1ED724BE0062039F /* g_and_w.pb */ = {isa = PBXFileReference; lastKnownFileType = file; path = g_and_w.pb; sourceTree = "<group>"; };
		8F4466CF1ECF756B00915819 /* UIImage.swift */ = {isa = PBXFileReference; fileEncoding = 4; lastKnownFileType = sourcecode.swift; path = UIImage.swift; sourceTree = "<group>"; };
		8F46BCA51EE0B52D00DF275A /* mnist-conv1_b */ = {isa = PBXFileReference; fileEncoding = 4; lastKnownFileType = text; name = "mnist-conv1_b"; path = "mnist/mnist-conv1_b"; sourceTree = "<group>"; };
		8F46BCA61EE0B52D00DF275A /* mnist-conv1_w */ = {isa = PBXFileReference; lastKnownFileType = file; name = "mnist-conv1_w"; path = "mnist/mnist-conv1_w"; sourceTree = "<group>"; };
		8F46BCA71EE0B52D00DF275A /* mnist-conv2_b */ = {isa = PBXFileReference; lastKnownFileType = file; name = "mnist-conv2_b"; path = "mnist/mnist-conv2_b"; sourceTree = "<group>"; };
		8F46BCA81EE0B52D00DF275A /* mnist-conv2_w */ = {isa = PBXFileReference; lastKnownFileType = file; name = "mnist-conv2_w"; path = "mnist/mnist-conv2_w"; sourceTree = "<group>"; };
		8F46BCA91EE0B52D00DF275A /* mnist-fc1_b */ = {isa = PBXFileReference; lastKnownFileType = file; name = "mnist-fc1_b"; path = "mnist/mnist-fc1_b"; sourceTree = "<group>"; };
		8F46BCAA1EE0B52D00DF275A /* mnist-fc1_w */ = {isa = PBXFileReference; lastKnownFileType = file; name = "mnist-fc1_w"; path = "mnist/mnist-fc1_w"; sourceTree = "<group>"; };
		8F46BCAB1EE0B52D00DF275A /* mnist-fc2_b */ = {isa = PBXFileReference; fileEncoding = 4; lastKnownFileType = text; name = "mnist-fc2_b"; path = "mnist/mnist-fc2_b"; sourceTree = "<group>"; };
		8F46BCAC1EE0B52D00DF275A /* mnist-fc2_w */ = {isa = PBXFileReference; lastKnownFileType = file; name = "mnist-fc2_w"; path = "mnist/mnist-fc2_w"; sourceTree = "<group>"; };
		8F79B80E1EC25ECA002D02C8 /* Luminance.swift */ = {isa = PBXFileReference; fileEncoding = 4; lastKnownFileType = sourcecode.swift; name = Luminance.swift; path = Example/Luminance.swift; sourceTree = "<group>"; };
		8F79B8101EC261D6002D02C8 /* Shaders.metal */ = {isa = PBXFileReference; fileEncoding = 4; lastKnownFileType = sourcecode.metal; name = Shaders.metal; path = Example/Shaders.metal; sourceTree = "<group>"; };
		8F9F358D1EDCC5FE005F4DAE /* InstanceNormTests.swift */ = {isa = PBXFileReference; fileEncoding = 4; lastKnownFileType = sourcecode.swift; name = InstanceNormTests.swift; path = Example/Tests/InstanceNormTests.swift; sourceTree = "<group>"; };
		8FA6BAB81ED5AB2D004450C0 /* RandomLoader.swift */ = {isa = PBXFileReference; fileEncoding = 4; lastKnownFileType = sourcecode.swift; path = RandomLoader.swift; sourceTree = "<group>"; };
		8FAD35051ED48825004B69DA /* tftest.pbtxt */ = {isa = PBXFileReference; fileEncoding = 4; lastKnownFileType = text; path = tftest.pbtxt; sourceTree = "<group>"; };
		8FCD3E981ED8A88200B1AAE6 /* ViewController.swift */ = {isa = PBXFileReference; fileEncoding = 4; lastKnownFileType = sourcecode.swift; name = ViewController.swift; path = Example/ViewController.swift; sourceTree = "<group>"; };
		8FCD3E9E1ED8B5DF00B1AAE6 /* g_and_w2.pb */ = {isa = PBXFileReference; lastKnownFileType = file; path = g_and_w2.pb; sourceTree = "<group>"; };
		8FCD3EA01ED8B67E00B1AAE6 /* rainSquare.png */ = {isa = PBXFileReference; lastKnownFileType = image.png; path = rainSquare.png; sourceTree = "<group>"; };
		8FCD3EA11ED8B67E00B1AAE6 /* wall-e-384.png */ = {isa = PBXFileReference; lastKnownFileType = image.png; path = "wall-e-384.png"; sourceTree = "<group>"; };
		8FCD3EA21ED8B67E00B1AAE6 /* wall-e.png */ = {isa = PBXFileReference; lastKnownFileType = image.png; path = "wall-e.png"; sourceTree = "<group>"; };
		8FCD3EA61ED8BE1F00B1AAE6 /* SwiftProtobuf.framework */ = {isa = PBXFileReference; lastKnownFileType = wrapper.framework; name = SwiftProtobuf.framework; path = ../Carthage/Build/iOS/SwiftProtobuf.framework; sourceTree = "<group>"; };
		8FE2D0841EDDD3570080125D /* MNISTTestController.swift */ = {isa = PBXFileReference; fileEncoding = 4; lastKnownFileType = sourcecode.swift; path = MNISTTestController.swift; sourceTree = "<group>"; };
		8FE2D0861EDDD5D30080125D /* mnist.pb */ = {isa = PBXFileReference; lastKnownFileType = file; path = mnist.pb; sourceTree = "<group>"; };
		8FE2D0881EDDEABC0080125D /* GrayScale.swift */ = {isa = PBXFileReference; fileEncoding = 4; lastKnownFileType = sourcecode.swift; name = GrayScale.swift; path = Example/GrayScale.swift; sourceTree = "<group>"; };
		8FFF4AD81EDF056D00141E9D /* UIViewController.swift */ = {isa = PBXFileReference; fileEncoding = 4; lastKnownFileType = sourcecode.swift; name = UIViewController.swift; path = Example/Tests/Helpers/UIViewController.swift; sourceTree = "<group>"; };
		8FFF4ADA1EDF3B9100141E9D /* mnist_full.pb */ = {isa = PBXFileReference; lastKnownFileType = file; path = mnist_full.pb; sourceTree = "<group>"; };
		9E68F6BD2D61F56DC0A30A0D /* Pods-Example.debug.xcconfig */ = {isa = PBXFileReference; includeInIndex = 1; lastKnownFileType = text.xcconfig; name = "Pods-Example.debug.xcconfig"; path = "../Pods/Target Support Files/Pods-Example/Pods-Example.debug.xcconfig"; sourceTree = "<group>"; };
		CFAD25361ED7E9F30003C4FA /* Texture.swift */ = {isa = PBXFileReference; fileEncoding = 4; lastKnownFileType = sourcecode.swift; name = Texture.swift; path = Example/Tests/Helpers/Texture.swift; sourceTree = "<group>"; };
		CFAD25381ED7EA090003C4FA /* LocalResponseNormTest.swift */ = {isa = PBXFileReference; fileEncoding = 4; lastKnownFileType = sourcecode.swift; name = LocalResponseNormTest.swift; path = Example/Tests/LocalResponseNormTest.swift; sourceTree = "<group>"; };
		CFAD25391ED7EA090003C4FA /* BenderTestRunner.swift */ = {isa = PBXFileReference; fileEncoding = 4; lastKnownFileType = sourcecode.swift; name = BenderTestRunner.swift; path = Example/Tests/BenderTestRunner.swift; sourceTree = "<group>"; };
		CFAD253A1ED7EA090003C4FA /* TextureConversionTest.swift */ = {isa = PBXFileReference; fileEncoding = 4; lastKnownFileType = sourcecode.swift; name = TextureConversionTest.swift; path = Example/Tests/TextureConversionTest.swift; sourceTree = "<group>"; };
		CFAD253E1ED7EA930003C4FA /* TestData.swift */ = {isa = PBXFileReference; fileEncoding = 4; lastKnownFileType = sourcecode.swift; name = TestData.swift; path = Example/Tests/Helpers/TestData.swift; sourceTree = "<group>"; };
		CFAD25401ED7EB5A0003C4FA /* CompletionSerializer.swift */ = {isa = PBXFileReference; fileEncoding = 4; lastKnownFileType = sourcecode.swift; name = CompletionSerializer.swift; path = Example/Tests/Helpers/CompletionSerializer.swift; sourceTree = "<group>"; };
		DC52F68BC56AC40E8DF9A1DE /* Pods_Example.framework */ = {isa = PBXFileReference; explicitFileType = wrapper.framework; includeInIndex = 0; path = Pods_Example.framework; sourceTree = BUILT_PRODUCTS_DIR; };
/* End PBXFileReference section */

/* Begin PBXFrameworksBuildPhase section */
		28F828C91C4B714D00330CF4 /* Frameworks */ = {
			isa = PBXFrameworksBuildPhase;
			buildActionMask = 2147483647;
			files = (
				8FA8E3251EC0BE7300E8BAD8 /* Bender.framework in Frameworks */,
				8FCD3EA71ED8BE1F00B1AAE6 /* SwiftProtobuf.framework in Frameworks */,
				D0838A3925C77FAA0280A1D4 /* Pods_Example.framework in Frameworks */,
			);
			runOnlyForDeploymentPostprocessing = 0;
		};
		28F828DD1C4B714D00330CF4 /* Frameworks */ = {
			isa = PBXFrameworksBuildPhase;
			buildActionMask = 2147483647;
			files = (
			);
			runOnlyForDeploymentPostprocessing = 0;
		};
/* End PBXFrameworksBuildPhase section */

/* Begin PBXGroup section */
		28F828C31C4B714D00330CF4 = {
			isa = PBXGroup;
			children = (
				28F828CE1C4B714D00330CF4 /* Example */,
				28F828E31C4B714D00330CF4 /* ExampleUITests */,
				28F828CD1C4B714D00330CF4 /* Products */,
				8FCD3E9D1ED8AC8200B1AAE6 /* Frameworks */,
				287D0A741C4B7B26004566D6 /* Bender.xcodeproj */,
				D7D9D0105B837AA055030E45 /* Pods */,
			);
			sourceTree = "<group>";
		};
		28F828CD1C4B714D00330CF4 /* Products */ = {
			isa = PBXGroup;
			children = (
				28F828CC1C4B714D00330CF4 /* Example.app */,
				28F828E01C4B714D00330CF4 /* ExampleUITests.xctest */,
			);
			name = Products;
			sourceTree = "<group>";
		};
		28F828CE1C4B714D00330CF4 /* Example */ = {
			isa = PBXGroup;
			children = (
				8FCD3E9C1ED8AC3D00B1AAE6 /* Supporting Files */,
				8FCD3E971ED8A58D00B1AAE6 /* Controllers */,
				CFAD25341ED7E9800003C4FA /* Tests */,
				8F0669C01EC3AFAB009F5C7C /* data */,
				8F79B80C1EC25EAD002D02C8 /* Custom Layers */,
			);
			name = Example;
			sourceTree = "<group>";
		};
		28F828E31C4B714D00330CF4 /* ExampleUITests */ = {
			isa = PBXGroup;
			children = (
				28F828E61C4B714D00330CF4 /* Info.plist */,
				287D0A711C4B7877004566D6 /* ExampleUITests.swift */,
			);
			path = ExampleUITests;
			sourceTree = "<group>";
		};
		8F0669C01EC3AFAB009F5C7C /* data */ = {
			isa = PBXGroup;
			children = (
				8F46BCA41EE0B52000DF275A /* mnist */,
				8FFF4ADA1EDF3B9100141E9D /* mnist_full.pb */,
				8FE2D0861EDDD5D30080125D /* mnist.pb */,
				8FCD3EA01ED8B67E00B1AAE6 /* rainSquare.png */,
				8FCD3EA11ED8B67E00B1AAE6 /* wall-e-384.png */,
				8FCD3EA21ED8B67E00B1AAE6 /* wall-e.png */,
				8FCD3E9E1ED8B5DF00B1AAE6 /* g_and_w2.pb */,
				8F28C68C1ED724BE0062039F /* g_and_w.pb */,
				8FAD35051ED48825004B69DA /* tftest.pbtxt */,
			);
			name = data;
			path = Example/data;
			sourceTree = "<group>";
		};
		8F46BCA41EE0B52000DF275A /* mnist */ = {
			isa = PBXGroup;
			children = (
				8F46BCA51EE0B52D00DF275A /* mnist-conv1_b */,
				8F46BCA61EE0B52D00DF275A /* mnist-conv1_w */,
				8F46BCA71EE0B52D00DF275A /* mnist-conv2_b */,
				8F46BCA81EE0B52D00DF275A /* mnist-conv2_w */,
				8F46BCA91EE0B52D00DF275A /* mnist-fc1_b */,
				8F46BCAA1EE0B52D00DF275A /* mnist-fc1_w */,
				8F46BCAB1EE0B52D00DF275A /* mnist-fc2_b */,
				8F46BCAC1EE0B52D00DF275A /* mnist-fc2_w */,
			);
			name = mnist;
			sourceTree = "<group>";
		};
		8F79B80C1EC25EAD002D02C8 /* Custom Layers */ = {
			isa = PBXGroup;
			children = (
				8F79B80E1EC25ECA002D02C8 /* Luminance.swift */,
				8FE2D0881EDDEABC0080125D /* GrayScale.swift */,
				8F79B8101EC261D6002D02C8 /* Shaders.metal */,
				8FA6BAB81ED5AB2D004450C0 /* RandomLoader.swift */,
			);
			name = "Custom Layers";
			sourceTree = "<group>";
		};
		8F9CAB1D1D89C755006E1824 /* Products */ = {
			isa = PBXGroup;
			children = (
				8F9CAB221D89C756006E1824 /* Bender.framework */,
			);
			name = Products;
			sourceTree = "<group>";
		};
		8FCD3E971ED8A58D00B1AAE6 /* Controllers */ = {
			isa = PBXGroup;
			children = (
				8FCD3E981ED8A88200B1AAE6 /* ViewController.swift */,
				28F828D11C4B714D00330CF4 /* StyleTransferViewController.swift */,
				8FE2D0841EDDD3570080125D /* MNISTTestController.swift */,
			);
			name = Controllers;
			sourceTree = "<group>";
		};
		8FCD3E9C1ED8AC3D00B1AAE6 /* Supporting Files */ = {
			isa = PBXGroup;
			children = (
				28F828CF1C4B714D00330CF4 /* AppDelegate.swift */,
				28F828D31C4B714D00330CF4 /* Main.storyboard */,
				28F828D61C4B714D00330CF4 /* Assets.xcassets */,
				28F828D81C4B714D00330CF4 /* LaunchScreen.storyboard */,
				28F828DB1C4B714D00330CF4 /* Info.plist */,
			);
			name = "Supporting Files";
			sourceTree = "<group>";
		};
		8FCD3E9D1ED8AC8200B1AAE6 /* Frameworks */ = {
			isa = PBXGroup;
			children = (
				8FCD3EA61ED8BE1F00B1AAE6 /* SwiftProtobuf.framework */,
				DC52F68BC56AC40E8DF9A1DE /* Pods_Example.framework */,
			);
			name = Frameworks;
			sourceTree = "<group>";
		};
		CFAD25341ED7E9800003C4FA /* Tests */ = {
			isa = PBXGroup;
			children = (
				CFAD25381ED7EA090003C4FA /* LocalResponseNormTest.swift */,
				CFAD25391ED7EA090003C4FA /* BenderTestRunner.swift */,
				CFAD253A1ED7EA090003C4FA /* TextureConversionTest.swift */,
				8F9F358D1EDCC5FE005F4DAE /* InstanceNormTests.swift */,
				46FAFCBC1F02CB89008754E1 /* ConcatTest.swift */,
				CFAD25351ED7E9E70003C4FA /* Helpers */,
			);
			name = Tests;
			sourceTree = "<group>";
		};
		CFAD25351ED7E9E70003C4FA /* Helpers */ = {
			isa = PBXGroup;
			children = (
				46FAFCC01F04142C008754E1 /* ConstantLayer.swift */,
				8F4466CF1ECF756B00915819 /* UIImage.swift */,
				CFAD25361ED7E9F30003C4FA /* Texture.swift */,
				CFAD253E1ED7EA930003C4FA /* TestData.swift */,
				CFAD25401ED7EB5A0003C4FA /* CompletionSerializer.swift */,
				8FFF4AD81EDF056D00141E9D /* UIViewController.swift */,
			);
			name = Helpers;
			sourceTree = "<group>";
		};
		D7D9D0105B837AA055030E45 /* Pods */ = {
			isa = PBXGroup;
			children = (
				9E68F6BD2D61F56DC0A30A0D /* Pods-Example.debug.xcconfig */,
				40177F878E6E64267FE1407D /* Pods-Example.release.xcconfig */,
			);
			name = Pods;
			sourceTree = "<group>";
		};
/* End PBXGroup section */

/* Begin PBXNativeTarget section */
		28F828CB1C4B714D00330CF4 /* Example */ = {
			isa = PBXNativeTarget;
			buildConfigurationList = 28F828E91C4B714D00330CF4 /* Build configuration list for PBXNativeTarget "Example" */;
			buildPhases = (
				6E5F2FC023A827DF819E89CF /* [CP] Check Pods Manifest.lock */,
				28F828C81C4B714D00330CF4 /* Sources */,
				28F828C91C4B714D00330CF4 /* Frameworks */,
				28F828CA1C4B714D00330CF4 /* Resources */,
				287D0A811C4B7B55004566D6 /* Embed Frameworks */,
				B93AC2C86432E82F0DD52BCA /* [CP] Embed Pods Frameworks */,
				9A72EC0D4AA140AE8CD8C059 /* [CP] Copy Pods Resources */,
			);
			buildRules = (
			);
			dependencies = (
				8FA8E3281EC0BE7300E8BAD8 /* PBXTargetDependency */,
			);
			name = Example;
			productName = Example;
			productReference = 28F828CC1C4B714D00330CF4 /* Example.app */;
			productType = "com.apple.product-type.application";
		};
		28F828DF1C4B714D00330CF4 /* ExampleUITests */ = {
			isa = PBXNativeTarget;
			buildConfigurationList = 28F828EC1C4B714D00330CF4 /* Build configuration list for PBXNativeTarget "ExampleUITests" */;
			buildPhases = (
				28F828DC1C4B714D00330CF4 /* Sources */,
				28F828DD1C4B714D00330CF4 /* Frameworks */,
				28F828DE1C4B714D00330CF4 /* Resources */,
			);
			buildRules = (
			);
			dependencies = (
				28F828E21C4B714D00330CF4 /* PBXTargetDependency */,
			);
			name = ExampleUITests;
			productName = ExampleUITests;
			productReference = 28F828E01C4B714D00330CF4 /* ExampleUITests.xctest */;
			productType = "com.apple.product-type.bundle.ui-testing";
		};
/* End PBXNativeTarget section */

/* Begin PBXProject section */
		28F828C41C4B714D00330CF4 /* Project object */ = {
			isa = PBXProject;
			attributes = {
				LastSwiftUpdateCheck = 0720;
				LastUpgradeCheck = 0800;
				TargetAttributes = {
					28F828CB1C4B714D00330CF4 = {
						CreatedOnToolsVersion = 7.2;
						DevelopmentTeam = 6F2G55XL63;
						LastSwiftMigration = 0800;
						ProvisioningStyle = Automatic;
					};
					28F828DF1C4B714D00330CF4 = {
						CreatedOnToolsVersion = 7.2;
						LastSwiftMigration = 0800;
						TestTargetID = 28F828CB1C4B714D00330CF4;
					};
				};
			};
			buildConfigurationList = 28F828C71C4B714D00330CF4 /* Build configuration list for PBXProject "Example" */;
			compatibilityVersion = "Xcode 3.2";
			developmentRegion = English;
			hasScannedForEncodings = 0;
			knownRegions = (
				en,
				Base,
			);
			mainGroup = 28F828C31C4B714D00330CF4;
			productRefGroup = 28F828CD1C4B714D00330CF4 /* Products */;
			projectDirPath = "";
			projectReferences = (
				{
					ProductGroup = 8F9CAB1D1D89C755006E1824 /* Products */;
					ProjectRef = 287D0A741C4B7B26004566D6 /* Bender.xcodeproj */;
				},
			);
			projectRoot = "";
			targets = (
				28F828CB1C4B714D00330CF4 /* Example */,
				28F828DF1C4B714D00330CF4 /* ExampleUITests */,
			);
		};
/* End PBXProject section */

/* Begin PBXReferenceProxy section */
		8F9CAB221D89C756006E1824 /* Bender.framework */ = {
			isa = PBXReferenceProxy;
			fileType = wrapper.framework;
			path = Bender.framework;
			remoteRef = 8F9CAB211D89C756006E1824 /* PBXContainerItemProxy */;
			sourceTree = BUILT_PRODUCTS_DIR;
		};
/* End PBXReferenceProxy section */

/* Begin PBXResourcesBuildPhase section */
		28F828CA1C4B714D00330CF4 /* Resources */ = {
			isa = PBXResourcesBuildPhase;
			buildActionMask = 2147483647;
			files = (
				28F828DA1C4B714D00330CF4 /* LaunchScreen.storyboard in Resources */,
				8F46BCB31EE0B52D00DF275A /* mnist-fc2_b in Resources */,
				8F46BCAE1EE0B52D00DF275A /* mnist-conv1_w in Resources */,
				8FE2D0871EDDD5D30080125D /* mnist.pb in Resources */,
				8FCD3EA41ED8B67E00B1AAE6 /* wall-e-384.png in Resources */,
				8F46BCB21EE0B52D00DF275A /* mnist-fc1_w in Resources */,
				8FCD3EA51ED8B67E00B1AAE6 /* wall-e.png in Resources */,
				8FAD35061ED48825004B69DA /* tftest.pbtxt in Resources */,
				8F46BCAD1EE0B52D00DF275A /* mnist-conv1_b in Resources */,
				8FFF4ADB1EDF3B9100141E9D /* mnist_full.pb in Resources */,
				8F46BCB01EE0B52D00DF275A /* mnist-conv2_w in Resources */,
				28F828D71C4B714D00330CF4 /* Assets.xcassets in Resources */,
				8FCD3EA31ED8B67E00B1AAE6 /* rainSquare.png in Resources */,
				8F28C68D1ED724BE0062039F /* g_and_w.pb in Resources */,
				28F828D51C4B714D00330CF4 /* Main.storyboard in Resources */,
				8F46BCAF1EE0B52D00DF275A /* mnist-conv2_b in Resources */,
				8F46BCB41EE0B52D00DF275A /* mnist-fc2_w in Resources */,
				8F46BCB11EE0B52D00DF275A /* mnist-fc1_b in Resources */,
				8FCD3E9F1ED8B5DF00B1AAE6 /* g_and_w2.pb in Resources */,
			);
			runOnlyForDeploymentPostprocessing = 0;
		};
		28F828DE1C4B714D00330CF4 /* Resources */ = {
			isa = PBXResourcesBuildPhase;
			buildActionMask = 2147483647;
			files = (
			);
			runOnlyForDeploymentPostprocessing = 0;
		};
/* End PBXResourcesBuildPhase section */

/* Begin PBXShellScriptBuildPhase section */
		6E5F2FC023A827DF819E89CF /* [CP] Check Pods Manifest.lock */ = {
			isa = PBXShellScriptBuildPhase;
			buildActionMask = 2147483647;
			files = (
			);
			inputPaths = (
			);
			name = "[CP] Check Pods Manifest.lock";
			outputPaths = (
			);
			runOnlyForDeploymentPostprocessing = 0;
			shellPath = /bin/sh;
			shellScript = "diff \"${PODS_PODFILE_DIR_PATH}/Podfile.lock\" \"${PODS_ROOT}/Manifest.lock\" > /dev/null\nif [ $? != 0 ] ; then\n    # print error to STDERR\n    echo \"error: The sandbox is not in sync with the Podfile.lock. Run 'pod install' or update your CocoaPods installation.\" >&2\n    exit 1\nfi\n";
			showEnvVarsInLog = 0;
		};
		9A72EC0D4AA140AE8CD8C059 /* [CP] Copy Pods Resources */ = {
			isa = PBXShellScriptBuildPhase;
			buildActionMask = 2147483647;
			files = (
			);
			inputPaths = (
			);
			name = "[CP] Copy Pods Resources";
			outputPaths = (
			);
			runOnlyForDeploymentPostprocessing = 0;
			shellPath = /bin/sh;
			shellScript = "\"${SRCROOT}/../Pods/Target Support Files/Pods-Example/Pods-Example-resources.sh\"\n";
			showEnvVarsInLog = 0;
		};
		B93AC2C86432E82F0DD52BCA /* [CP] Embed Pods Frameworks */ = {
			isa = PBXShellScriptBuildPhase;
			buildActionMask = 2147483647;
			files = (
			);
			inputPaths = (
			);
			name = "[CP] Embed Pods Frameworks";
			outputPaths = (
			);
			runOnlyForDeploymentPostprocessing = 0;
			shellPath = /bin/sh;
			shellScript = "\"${SRCROOT}/../Pods/Target Support Files/Pods-Example/Pods-Example-frameworks.sh\"\n";
			showEnvVarsInLog = 0;
		};
/* End PBXShellScriptBuildPhase section */

/* Begin PBXSourcesBuildPhase section */
		28F828C81C4B714D00330CF4 /* Sources */ = {
			isa = PBXSourcesBuildPhase;
			buildActionMask = 2147483647;
			files = (
				8F9F358E1EDCC5FE005F4DAE /* InstanceNormTests.swift in Sources */,
				CFAD253F1ED7EA930003C4FA /* TestData.swift in Sources */,
				CFAD253B1ED7EA090003C4FA /* LocalResponseNormTest.swift in Sources */,
				46FAFCBD1F02CB89008754E1 /* ConcatTest.swift in Sources */,
				CFAD253C1ED7EA090003C4FA /* BenderTestRunner.swift in Sources */,
				8F79B8111EC261D6002D02C8 /* Shaders.metal in Sources */,
				8FE2D0891EDDEABC0080125D /* GrayScale.swift in Sources */,
				CFAD25371ED7E9F30003C4FA /* Texture.swift in Sources */,
				8FCD3E991ED8A88200B1AAE6 /* ViewController.swift in Sources */,
				8FFF4AD91EDF056D00141E9D /* UIViewController.swift in Sources */,
				28F828D21C4B714D00330CF4 /* StyleTransferViewController.swift in Sources */,
				CFAD253D1ED7EA090003C4FA /* TextureConversionTest.swift in Sources */,
				CFAD25411ED7EB5A0003C4FA /* CompletionSerializer.swift in Sources */,
				28F828D01C4B714D00330CF4 /* AppDelegate.swift in Sources */,
				46FAFCC11F04142C008754E1 /* ConstantLayer.swift in Sources */,
				8FE2D0851EDDD3570080125D /* MNISTTestController.swift in Sources */,
				8F4466D01ECF756B00915819 /* UIImage.swift in Sources */,
				8F79B80F1EC25ECA002D02C8 /* Luminance.swift in Sources */,
				8FA6BAB91ED5AB2D004450C0 /* RandomLoader.swift in Sources */,
			);
			runOnlyForDeploymentPostprocessing = 0;
		};
		28F828DC1C4B714D00330CF4 /* Sources */ = {
			isa = PBXSourcesBuildPhase;
			buildActionMask = 2147483647;
			files = (
				287D0A721C4B7877004566D6 /* ExampleUITests.swift in Sources */,
			);
			runOnlyForDeploymentPostprocessing = 0;
		};
/* End PBXSourcesBuildPhase section */

/* Begin PBXTargetDependency section */
		28F828E21C4B714D00330CF4 /* PBXTargetDependency */ = {
			isa = PBXTargetDependency;
			target = 28F828CB1C4B714D00330CF4 /* Example */;
			targetProxy = 28F828E11C4B714D00330CF4 /* PBXContainerItemProxy */;
		};
		8FA8E3281EC0BE7300E8BAD8 /* PBXTargetDependency */ = {
			isa = PBXTargetDependency;
			name = Bender;
			targetProxy = 8FA8E3271EC0BE7300E8BAD8 /* PBXContainerItemProxy */;
		};
/* End PBXTargetDependency section */

/* Begin PBXVariantGroup section */
		28F828D31C4B714D00330CF4 /* Main.storyboard */ = {
			isa = PBXVariantGroup;
			children = (
				28F828D41C4B714D00330CF4 /* Base */,
			);
			name = Main.storyboard;
			path = Example;
			sourceTree = "<group>";
		};
		28F828D81C4B714D00330CF4 /* LaunchScreen.storyboard */ = {
			isa = PBXVariantGroup;
			children = (
				28F828D91C4B714D00330CF4 /* Base */,
			);
			name = LaunchScreen.storyboard;
			path = Example;
			sourceTree = "<group>";
		};
/* End PBXVariantGroup section */

/* Begin XCBuildConfiguration section */
		28F828E71C4B714D00330CF4 /* Debug */ = {
			isa = XCBuildConfiguration;
			buildSettings = {
				ALWAYS_SEARCH_USER_PATHS = NO;
				CLANG_CXX_LANGUAGE_STANDARD = "gnu++0x";
				CLANG_CXX_LIBRARY = "libc++";
				CLANG_ENABLE_MODULES = YES;
				CLANG_ENABLE_OBJC_ARC = YES;
				CLANG_WARN_BOOL_CONVERSION = YES;
				CLANG_WARN_CONSTANT_CONVERSION = YES;
				CLANG_WARN_DIRECT_OBJC_ISA_USAGE = YES_ERROR;
				CLANG_WARN_EMPTY_BODY = YES;
				CLANG_WARN_ENUM_CONVERSION = YES;
				CLANG_WARN_INFINITE_RECURSION = YES;
				CLANG_WARN_INT_CONVERSION = YES;
				CLANG_WARN_OBJC_ROOT_CLASS = YES_ERROR;
				CLANG_WARN_SUSPICIOUS_MOVE = YES;
				CLANG_WARN_UNREACHABLE_CODE = YES;
				CLANG_WARN__DUPLICATE_METHOD_MATCH = YES;
				"CODE_SIGN_IDENTITY[sdk=iphoneos*]" = "iPhone Developer";
				COPY_PHASE_STRIP = NO;
				DEBUG_INFORMATION_FORMAT = dwarf;
				ENABLE_STRICT_OBJC_MSGSEND = YES;
				ENABLE_TESTABILITY = YES;
				GCC_C_LANGUAGE_STANDARD = gnu99;
				GCC_DYNAMIC_NO_PIC = NO;
				GCC_NO_COMMON_BLOCKS = YES;
				GCC_OPTIMIZATION_LEVEL = 0;
				GCC_PREPROCESSOR_DEFINITIONS = (
					"DEBUG=1",
					"$(inherited)",
				);
				GCC_WARN_64_TO_32_BIT_CONVERSION = YES;
				GCC_WARN_ABOUT_RETURN_TYPE = YES_ERROR;
				GCC_WARN_UNDECLARED_SELECTOR = YES;
				GCC_WARN_UNINITIALIZED_AUTOS = YES_AGGRESSIVE;
				GCC_WARN_UNUSED_FUNCTION = YES;
				GCC_WARN_UNUSED_VARIABLE = YES;
				IPHONEOS_DEPLOYMENT_TARGET = 10.0;
				MTL_ENABLE_DEBUG_INFO = YES;
				ONLY_ACTIVE_ARCH = YES;
				SDKROOT = iphoneos;
				SWIFT_OPTIMIZATION_LEVEL = "-Onone";
			};
			name = Debug;
		};
		28F828E81C4B714D00330CF4 /* Release */ = {
			isa = XCBuildConfiguration;
			buildSettings = {
				ALWAYS_SEARCH_USER_PATHS = NO;
				CLANG_CXX_LANGUAGE_STANDARD = "gnu++0x";
				CLANG_CXX_LIBRARY = "libc++";
				CLANG_ENABLE_MODULES = YES;
				CLANG_ENABLE_OBJC_ARC = YES;
				CLANG_WARN_BOOL_CONVERSION = YES;
				CLANG_WARN_CONSTANT_CONVERSION = YES;
				CLANG_WARN_DIRECT_OBJC_ISA_USAGE = YES_ERROR;
				CLANG_WARN_EMPTY_BODY = YES;
				CLANG_WARN_ENUM_CONVERSION = YES;
				CLANG_WARN_INFINITE_RECURSION = YES;
				CLANG_WARN_INT_CONVERSION = YES;
				CLANG_WARN_OBJC_ROOT_CLASS = YES_ERROR;
				CLANG_WARN_SUSPICIOUS_MOVE = YES;
				CLANG_WARN_UNREACHABLE_CODE = YES;
				CLANG_WARN__DUPLICATE_METHOD_MATCH = YES;
				"CODE_SIGN_IDENTITY[sdk=iphoneos*]" = "iPhone Developer";
				COPY_PHASE_STRIP = NO;
				DEBUG_INFORMATION_FORMAT = "dwarf-with-dsym";
				ENABLE_NS_ASSERTIONS = NO;
				ENABLE_STRICT_OBJC_MSGSEND = YES;
				GCC_C_LANGUAGE_STANDARD = gnu99;
				GCC_NO_COMMON_BLOCKS = YES;
				GCC_WARN_64_TO_32_BIT_CONVERSION = YES;
				GCC_WARN_ABOUT_RETURN_TYPE = YES_ERROR;
				GCC_WARN_UNDECLARED_SELECTOR = YES;
				GCC_WARN_UNINITIALIZED_AUTOS = YES_AGGRESSIVE;
				GCC_WARN_UNUSED_FUNCTION = YES;
				GCC_WARN_UNUSED_VARIABLE = YES;
				IPHONEOS_DEPLOYMENT_TARGET = 10.0;
				MTL_ENABLE_DEBUG_INFO = NO;
				SDKROOT = iphoneos;
				SWIFT_OPTIMIZATION_LEVEL = "-Owholemodule";
				VALIDATE_PRODUCT = YES;
			};
			name = Release;
		};
		28F828EA1C4B714D00330CF4 /* Debug */ = {
			isa = XCBuildConfiguration;
			baseConfigurationReference = 9E68F6BD2D61F56DC0A30A0D /* Pods-Example.debug.xcconfig */;
			buildSettings = {
				ALWAYS_EMBED_SWIFT_STANDARD_LIBRARIES = YES;
				ASSETCATALOG_COMPILER_APPICON_NAME = AppIcon;
				"CODE_SIGN_IDENTITY[sdk=iphoneos*]" = "iPhone Developer";
				DEVELOPMENT_TEAM = 6F2G55XL63;
				FRAMEWORK_SEARCH_PATHS = (
					"$(inherited)",
					"$(PROJECT_DIR)",
					"$(PROJECT_DIR)/../Carthage/Build/iOS",
				);
				INFOPLIST_FILE = "$(SRCROOT)/Example/Info.plist";
				LD_RUNPATH_SEARCH_PATHS = "$(inherited) @executable_path/Frameworks";
				OTHER_SWIFT_FLAGS = "\"-Xfrontend\" \"-warn-long-function-bodies=150\"";
				PRODUCT_BUNDLE_IDENTIFIER = com.xmartlabs.Example;
				PRODUCT_NAME = "$(TARGET_NAME)";
				PROVISIONING_PROFILE_SPECIFIER = "";
				SWIFT_VERSION = 3.0;
			};
			name = Debug;
		};
		28F828EB1C4B714D00330CF4 /* Release */ = {
			isa = XCBuildConfiguration;
			baseConfigurationReference = 40177F878E6E64267FE1407D /* Pods-Example.release.xcconfig */;
			buildSettings = {
				ALWAYS_EMBED_SWIFT_STANDARD_LIBRARIES = YES;
				ASSETCATALOG_COMPILER_APPICON_NAME = AppIcon;
				"CODE_SIGN_IDENTITY[sdk=iphoneos*]" = "iPhone Developer";
				DEVELOPMENT_TEAM = 6F2G55XL63;
				FRAMEWORK_SEARCH_PATHS = (
					"$(inherited)",
					"$(PROJECT_DIR)",
					"$(PROJECT_DIR)/../Carthage/Build/iOS",
				);
				INFOPLIST_FILE = "$(SRCROOT)/Example/Info.plist";
				LD_RUNPATH_SEARCH_PATHS = "$(inherited) @executable_path/Frameworks";
				OTHER_SWIFT_FLAGS = "\"-Xfrontend\" \"-warn-long-function-bodies=150\"";
				PRODUCT_BUNDLE_IDENTIFIER = com.xmartlabs.Example;
				PRODUCT_NAME = "$(TARGET_NAME)";
				PROVISIONING_PROFILE_SPECIFIER = "";
				SWIFT_VERSION = 3.0;
			};
			name = Release;
		};
		28F828ED1C4B714D00330CF4 /* Debug */ = {
			isa = XCBuildConfiguration;
			buildSettings = {
				CLANG_ENABLE_MODULES = YES;
				INFOPLIST_FILE = Example/ExampleUITests/Info.plist;
				LD_RUNPATH_SEARCH_PATHS = "$(inherited) @executable_path/Frameworks @loader_path/Frameworks";
				PRODUCT_BUNDLE_IDENTIFIER = com.xmartlabs.ExampleUITests;
				PRODUCT_NAME = "$(TARGET_NAME)";
				SWIFT_OPTIMIZATION_LEVEL = "-Onone";
				SWIFT_VERSION = 3.0;
				TEST_TARGET_NAME = Example;
				USES_XCTRUNNER = YES;
			};
			name = Debug;
		};
		28F828EE1C4B714D00330CF4 /* Release */ = {
			isa = XCBuildConfiguration;
			buildSettings = {
				CLANG_ENABLE_MODULES = YES;
				INFOPLIST_FILE = Example/ExampleUITests/Info.plist;
				LD_RUNPATH_SEARCH_PATHS = "$(inherited) @executable_path/Frameworks @loader_path/Frameworks";
				PRODUCT_BUNDLE_IDENTIFIER = com.xmartlabs.ExampleUITests;
				PRODUCT_NAME = "$(TARGET_NAME)";
				SWIFT_VERSION = 3.0;
				TEST_TARGET_NAME = Example;
				USES_XCTRUNNER = YES;
			};
			name = Release;
		};
/* End XCBuildConfiguration section */

/* Begin XCConfigurationList section */
		28F828C71C4B714D00330CF4 /* Build configuration list for PBXProject "Example" */ = {
			isa = XCConfigurationList;
			buildConfigurations = (
				28F828E71C4B714D00330CF4 /* Debug */,
				28F828E81C4B714D00330CF4 /* Release */,
			);
			defaultConfigurationIsVisible = 0;
			defaultConfigurationName = Release;
		};
		28F828E91C4B714D00330CF4 /* Build configuration list for PBXNativeTarget "Example" */ = {
			isa = XCConfigurationList;
			buildConfigurations = (
				28F828EA1C4B714D00330CF4 /* Debug */,
				28F828EB1C4B714D00330CF4 /* Release */,
			);
			defaultConfigurationIsVisible = 0;
			defaultConfigurationName = Release;
		};
		28F828EC1C4B714D00330CF4 /* Build configuration list for PBXNativeTarget "ExampleUITests" */ = {
			isa = XCConfigurationList;
			buildConfigurations = (
				28F828ED1C4B714D00330CF4 /* Debug */,
				28F828EE1C4B714D00330CF4 /* Release */,
			);
			defaultConfigurationIsVisible = 0;
			defaultConfigurationName = Release;
		};
/* End XCConfigurationList section */
	};
	rootObject = 28F828C41C4B714D00330CF4 /* Project object */;
}
